
Microsoft Visual Studio Solution File, Format Version 12.00
# Visual Studio Version 17
VisualStudioVersion = 17.6.33815.320
MinimumVisualStudioVersion = 10.0.40219.1
Project("{9A19103F-16F7-4668-BE54-9A1E7A4F7556}") = "HomeWork_lesson17_Task1", "HomeWork_lesson17_Task1.csproj", "{7060A1B9-B562-4EDF-9662-82249C036E9F}"
EndProject
Global
	GlobalSection(SolutionConfigurationPlatforms) = preSolution
		Debug|Any CPU = Debug|Any CPU
		Release|Any CPU = Release|Any CPU
	EndGlobalSection
	GlobalSection(ProjectConfigurationPlatforms) = postSolution
		{7060A1B9-B562-4EDF-9662-82249C036E9F}.Debug|Any CPU.ActiveCfg = Debug|Any CPU
		{7060A1B9-B562-4EDF-9662-82249C036E9F}.Debug|Any CPU.Build.0 = Debug|Any CPU
		{7060A1B9-B562-4EDF-9662-82249C036E9F}.Release|Any CPU.ActiveCfg = Release|Any CPU
		{7060A1B9-B562-4EDF-9662-82249C036E9F}.Release|Any CPU.Build.0 = Release|Any CPU
	EndGlobalSection
	GlobalSection(SolutionProperties) = preSolution
		HideSolutionNode = FALSE
	EndGlobalSection
	GlobalSection(ExtensibilityGlobals) = postSolution
		SolutionGuid = {8CF59E43-41CF-4AE0-BB70-788EF141D9CB}
	EndGlobalSection
EndGlobal
